
Microsoft Visual Studio Solution File, Format Version 12.00
# Visual Studio Version 17
VisualStudioVersion = 17.2.32519.379
MinimumVisualStudioVersion = 10.0.40219.1
Project("{9A19103F-16F7-4668-BE54-9A1E7A4F7556}") = "DevFreela.API", "DevFreela.API\DevFreela.API.csproj", "{68A61E5E-0563-414F-9888-B38E7028E29D}"
EndProject
Project("{9A19103F-16F7-4668-BE54-9A1E7A4F7556}") = "DevFreela.Core", "DevFreela.Core\DevFreela.Core.csproj", "{0654E854-A4DA-4EA5-B181-71F969DA907D}"
EndProject
Project("{9A19103F-16F7-4668-BE54-9A1E7A4F7556}") = "DevFreela.Infra", "DevFreela.Infra\DevFreela.Infra.csproj", "{4097413A-3084-4E99-98F6-30E53E0B8A3F}"
EndProject
Project("{9A19103F-16F7-4668-BE54-9A1E7A4F7556}") = "DevFreela.Application", "DevFreela.Application\DevFreela.Application.csproj", "{F1FD9F1B-1C1B-4276-91B6-4CC499F41DE4}"
EndProject
Project("{FAE04EC0-301F-11D3-BF4B-00C04F79EFBC}") = "DevFreela.UnitTests", "DevFreela.UnitTests\DevFreela.UnitTests.csproj", "{080F8FF0-B7B8-4231-B1AE-4DF4418CB300}"
EndProject
Global
	GlobalSection(SolutionConfigurationPlatforms) = preSolution
		Debug|Any CPU = Debug|Any CPU
		Release|Any CPU = Release|Any CPU
	EndGlobalSection
	GlobalSection(ProjectConfigurationPlatforms) = postSolution
		{68A61E5E-0563-414F-9888-B38E7028E29D}.Debug|Any CPU.ActiveCfg = Debug|Any CPU
		{68A61E5E-0563-414F-9888-B38E7028E29D}.Debug|Any CPU.Build.0 = Debug|Any CPU
		{68A61E5E-0563-414F-9888-B38E7028E29D}.Release|Any CPU.ActiveCfg = Release|Any CPU
		{68A61E5E-0563-414F-9888-B38E7028E29D}.Release|Any CPU.Build.0 = Release|Any CPU
		{0654E854-A4DA-4EA5-B181-71F969DA907D}.Debug|Any CPU.ActiveCfg = Debug|Any CPU
		{0654E854-A4DA-4EA5-B181-71F969DA907D}.Debug|Any CPU.Build.0 = Debug|Any CPU
		{0654E854-A4DA-4EA5-B181-71F969DA907D}.Release|Any CPU.ActiveCfg = Release|Any CPU
		{0654E854-A4DA-4EA5-B181-71F969DA907D}.Release|Any CPU.Build.0 = Release|Any CPU
		{4097413A-3084-4E99-98F6-30E53E0B8A3F}.Debug|Any CPU.ActiveCfg = Debug|Any CPU
		{4097413A-3084-4E99-98F6-30E53E0B8A3F}.Debug|Any CPU.Build.0 = Debug|Any CPU
		{4097413A-3084-4E99-98F6-30E53E0B8A3F}.Release|Any CPU.ActiveCfg = Release|Any CPU
		{4097413A-3084-4E99-98F6-30E53E0B8A3F}.Release|Any CPU.Build.0 = Release|Any CPU
		{F1FD9F1B-1C1B-4276-91B6-4CC499F41DE4}.Debug|Any CPU.ActiveCfg = Debug|Any CPU
		{F1FD9F1B-1C1B-4276-91B6-4CC499F41DE4}.Debug|Any CPU.Build.0 = Debug|Any CPU
		{F1FD9F1B-1C1B-4276-91B6-4CC499F41DE4}.Release|Any CPU.ActiveCfg = Release|Any CPU
		{F1FD9F1B-1C1B-4276-91B6-4CC499F41DE4}.Release|Any CPU.Build.0 = Release|Any CPU
		{080F8FF0-B7B8-4231-B1AE-4DF4418CB300}.Debug|Any CPU.ActiveCfg = Debug|Any CPU
		{080F8FF0-B7B8-4231-B1AE-4DF4418CB300}.Debug|Any CPU.Build.0 = Debug|Any CPU
		{080F8FF0-B7B8-4231-B1AE-4DF4418CB300}.Release|Any CPU.ActiveCfg = Release|Any CPU
		{080F8FF0-B7B8-4231-B1AE-4DF4418CB300}.Release|Any CPU.Build.0 = Release|Any CPU
	EndGlobalSection
	GlobalSection(SolutionProperties) = preSolution
		HideSolutionNode = FALSE
	EndGlobalSection
	GlobalSection(ExtensibilityGlobals) = postSolution
		SolutionGuid = {6180FDF7-D34D-4DD6-900A-34C718310CEC}
	EndGlobalSection
EndGlobal
